github.com/gocarina/gocsv v0.0.0-20240520201108-78e41c74b4b1 h1:FWNFq4fM1wPfcK40yHE5UO3RUdSNPaBC+j3PokzA6OQ=
github.com/gocarina/gocsv v0.0.0-20240520201108-78e41c74b4b1/go.mod h1:5YoVOkjYAQumqlV356Hj3xeYh4BdZuLE0/nRkf2NKkI=
github.com/shopspring/decimal v1.4.0 h1:bxl37RwXBklmTi0C79JfXCEBD1cqqHt0bbgBAGFp81k=
github.com/shopspring/decimal v1.4.0/go.mod h1:gawqmDU56v4yIKSwfBSFip1HdCCXN8/+DMd9qYNcwME=
